
Microsoft Visual Studio Solution File, Format Version 12.00
# Visual Studio Version 17
VisualStudioVersion = 17.14.36109.1
MinimumVisualStudioVersion = 10.0.40219.1
Project("{FAE04EC0-301F-11D3-BF4B-00C04F79EFBC}") = "RE.Objects", "RE.Objects\RE.Objects.csproj", "{02C8AD78-B1BD-4072-8162-FC6A4A8FCBC1}"
EndProject
Project("{FAE04EC0-301F-11D3-BF4B-00C04F79EFBC}") = "VEXEmcee.API.Local", "VEXEmcee.API.Local\VEXEmcee.API.Local.csproj", "{18763783-E915-40B3-8E66-5D42AFC88B68}"
EndProject
Project("{FAE04EC0-301F-11D3-BF4B-00C04F79EFBC}") = "RE.API", "RE.API\RE.API.csproj", "{0A1266AB-E869-4D8E-A468-B0CA3FE4BF13}"
EndProject
Project("{FAE04EC0-301F-11D3-BF4B-00C04F79EFBC}") = "VEXEmcee.Objects", "VEXEmcee.Objects\VEXEmcee.Objects.csproj", "{9EBDC5B8-2192-4A2F-9532-6828CBFEF84B}"
EndProject
Project("{FAE04EC0-301F-11D3-BF4B-00C04F79EFBC}") = "VEXEmcee.DB.Dynamo", "VEXEmcee.DB.Dynamo\VEXEmcee.DB.Dynamo.csproj", "{69D63A85-D5B6-4911-81DE-6256C725E7A9}"
EndProject
Project("{FAE04EC0-301F-11D3-BF4B-00C04F79EFBC}") = "VEXEmcee.Logic", "VEXEmcee.Logic\VEXEmcee.Logic.csproj", "{EF3B0480-3D6B-4686-8A3C-9BA07F7B8D32}"
EndProject
Project("{FAE04EC0-301F-11D3-BF4B-00C04F79EFBC}") = "VEXEmcee.ConsoleHelper", "VEXEmcee.ConsoleHelper\VEXEmcee.ConsoleHelper.csproj", "{A5902686-459E-4FBD-8D91-F1A0F7FB1B7E}"
EndProject
Global
	GlobalSection(SolutionConfigurationPlatforms) = preSolution
		Debug|Any CPU = Debug|Any CPU
		Release|Any CPU = Release|Any CPU
	EndGlobalSection
	GlobalSection(ProjectConfigurationPlatforms) = postSolution
		{02C8AD78-B1BD-4072-8162-FC6A4A8FCBC1}.Debug|Any CPU.ActiveCfg = Debug|Any CPU
		{02C8AD78-B1BD-4072-8162-FC6A4A8FCBC1}.Debug|Any CPU.Build.0 = Debug|Any CPU
		{02C8AD78-B1BD-4072-8162-FC6A4A8FCBC1}.Release|Any CPU.ActiveCfg = Release|Any CPU
		{02C8AD78-B1BD-4072-8162-FC6A4A8FCBC1}.Release|Any CPU.Build.0 = Release|Any CPU
		{18763783-E915-40B3-8E66-5D42AFC88B68}.Debug|Any CPU.ActiveCfg = Debug|Any CPU
		{18763783-E915-40B3-8E66-5D42AFC88B68}.Debug|Any CPU.Build.0 = Debug|Any CPU
		{18763783-E915-40B3-8E66-5D42AFC88B68}.Release|Any CPU.ActiveCfg = Release|Any CPU
		{18763783-E915-40B3-8E66-5D42AFC88B68}.Release|Any CPU.Build.0 = Release|Any CPU
		{0A1266AB-E869-4D8E-A468-B0CA3FE4BF13}.Debug|Any CPU.ActiveCfg = Debug|Any CPU
		{0A1266AB-E869-4D8E-A468-B0CA3FE4BF13}.Debug|Any CPU.Build.0 = Debug|Any CPU
		{0A1266AB-E869-4D8E-A468-B0CA3FE4BF13}.Release|Any CPU.ActiveCfg = Release|Any CPU
		{0A1266AB-E869-4D8E-A468-B0CA3FE4BF13}.Release|Any CPU.Build.0 = Release|Any CPU
		{9EBDC5B8-2192-4A2F-9532-6828CBFEF84B}.Debug|Any CPU.ActiveCfg = Debug|Any CPU
		{9EBDC5B8-2192-4A2F-9532-6828CBFEF84B}.Debug|Any CPU.Build.0 = Debug|Any CPU
		{9EBDC5B8-2192-4A2F-9532-6828CBFEF84B}.Release|Any CPU.ActiveCfg = Release|Any CPU
		{9EBDC5B8-2192-4A2F-9532-6828CBFEF84B}.Release|Any CPU.Build.0 = Release|Any CPU
		{69D63A85-D5B6-4911-81DE-6256C725E7A9}.Debug|Any CPU.ActiveCfg = Debug|Any CPU
		{69D63A85-D5B6-4911-81DE-6256C725E7A9}.Debug|Any CPU.Build.0 = Debug|Any CPU
		{69D63A85-D5B6-4911-81DE-6256C725E7A9}.Release|Any CPU.ActiveCfg = Release|Any CPU
		{69D63A85-D5B6-4911-81DE-6256C725E7A9}.Release|Any CPU.Build.0 = Release|Any CPU
		{EF3B0480-3D6B-4686-8A3C-9BA07F7B8D32}.Debug|Any CPU.ActiveCfg = Debug|Any CPU
		{EF3B0480-3D6B-4686-8A3C-9BA07F7B8D32}.Debug|Any CPU.Build.0 = Debug|Any CPU
		{EF3B0480-3D6B-4686-8A3C-9BA07F7B8D32}.Release|Any CPU.ActiveCfg = Release|Any CPU
		{EF3B0480-3D6B-4686-8A3C-9BA07F7B8D32}.Release|Any CPU.Build.0 = Release|Any CPU
		{A5902686-459E-4FBD-8D91-F1A0F7FB1B7E}.Debug|Any CPU.ActiveCfg = Debug|Any CPU
		{A5902686-459E-4FBD-8D91-F1A0F7FB1B7E}.Debug|Any CPU.Build.0 = Debug|Any CPU
		{A5902686-459E-4FBD-8D91-F1A0F7FB1B7E}.Release|Any CPU.ActiveCfg = Release|Any CPU
		{A5902686-459E-4FBD-8D91-F1A0F7FB1B7E}.Release|Any CPU.Build.0 = Release|Any CPU
	EndGlobalSection
	GlobalSection(SolutionProperties) = preSolution
		HideSolutionNode = FALSE
	EndGlobalSection
	GlobalSection(ExtensibilityGlobals) = postSolution
		SolutionGuid = {627E66E7-A3F1-4FED-9AAF-19C005F194E9}
	EndGlobalSection
EndGlobal
